
Microsoft Visual Studio Solution File, Format Version 12.00
# Visual Studio Version 17
VisualStudioVersion = 17.10.35122.118
MinimumVisualStudioVersion = 10.0.40219.1
Project("{FAE04EC0-301F-11D3-BF4B-00C04F79EFBC}") = "AwsLambdaBasics", "AwsLambdaBasics\src\AwsLambdaBasics\AwsLambdaBasics.csproj", "{916869A4-7D86-4554-99ED-622A56A1A41C}"
EndProject
Global
	GlobalSection(SolutionConfigurationPlatforms) = preSolution
		Debug|Any CPU = Debug|Any CPU
		Release|Any CPU = Release|Any CPU
	EndGlobalSection
	GlobalSection(ProjectConfigurationPlatforms) = postSolution
		{916869A4-7D86-4554-99ED-622A56A1A41C}.Debug|Any CPU.ActiveCfg = Debug|Any CPU
		{916869A4-7D86-4554-99ED-622A56A1A41C}.Debug|Any CPU.Build.0 = Debug|Any CPU
		{916869A4-7D86-4554-99ED-622A56A1A41C}.Release|Any CPU.ActiveCfg = Release|Any CPU
		{916869A4-7D86-4554-99ED-622A56A1A41C}.Release|Any CPU.Build.0 = Release|Any CPU
	EndGlobalSection
	GlobalSection(SolutionProperties) = preSolution
		HideSolutionNode = FALSE
	EndGlobalSection
	GlobalSection(ExtensibilityGlobals) = postSolution
		SolutionGuid = {C0656DBB-EBC5-4B0F-8314-F6F5345C82F0}
	EndGlobalSection
EndGlobal
